
Microsoft Visual Studio Solution File, Format Version 12.00
# Visual Studio Version 16
VisualStudioVersion = 16.0.30428.66
MinimumVisualStudioVersion = 10.0.40219.1
Project("{9A19103F-16F7-4668-BE54-9A1E7A4F7556}") = "Blazor.Components.TestApp", "Blazor.Components.TestApp\Blazor.Components.TestApp.csproj", "{934AB071-80A7-4039-B1AB-AD0FC8F7F6B5}"
EndProject
Project("{2150E333-8FDC-42A3-9474-1A3956D46DE8}") = "TestApps", "TestApps", "{56071E1E-24A8-471A-880A-BD143853614E}"
EndProject
Project("{9A19103F-16F7-4668-BE54-9A1E7A4F7556}") = "Blazor.Components.Debounce.Input", "Blazor.Components.Debounce.Input\Blazor.Components.Debounce.Input.csproj", "{174ABFCA-B132-442D-B2F5-59EA121A574A}"
EndProject
Project("{9A19103F-16F7-4668-BE54-9A1E7A4F7556}") = "Blazor.Components.TestServerApp", "Blazor.Components.TestServerApp\Blazor.Components.TestServerApp.csproj", "{9191C0E3-00D3-4620-8D7A-7D87B14BA5AD}"
EndProject
Project("{9A19103F-16F7-4668-BE54-9A1E7A4F7556}") = "Blazor.WebAssembly.Logging.Console", "Blazor.WebAssembly.Logging.Console\Blazor.WebAssembly.Logging.Console.csproj", "{ACACEFFD-DD64-49F4-A7AC-A26F17F55FA6}"
EndProject
Project("{2150E333-8FDC-42A3-9474-1A3956D46DE8}") = "Extensions", "Extensions", "{121A4471-EF7A-4F9A-A856-67E8376A4AD2}"
EndProject
Project("{9A19103F-16F7-4668-BE54-9A1E7A4F7556}") = "Blazor.Server.Logging.Console", "Blazor.Server.Logging.Console\Blazor.Server.Logging.Console.csproj", "{54494EC2-258E-443F-BA77-66A0E30FD782}"
EndProject
Project("{9A19103F-16F7-4668-BE54-9A1E7A4F7556}") = "Blazor.Components.Loading", "Blazor.Components.Loading\Blazor.Components.Loading.csproj", "{77FBB136-2BB9-4D0F-90D9-7485566A8882}"
EndProject
Project("{9A19103F-16F7-4668-BE54-9A1E7A4F7556}") = "Blazor.Components.Timer", "Blazor.Components.Timer\Blazor.Components.Timer.csproj", "{AD60A5E4-D549-444A-9E5A-29346A3F3F1F}"
EndProject
Project("{2150E333-8FDC-42A3-9474-1A3956D46DE8}") = "_Demo", "_Demo", "{FF939C62-3B0D-4759-B5A6-A89EBE8A4C59}"
EndProject
Project("{9A19103F-16F7-4668-BE54-9A1E7A4F7556}") = "Blazor.Components.TestApps.Common", "Blazor.Components.TestApps.Common\Blazor.Components.TestApps.Common.csproj", "{272AB3A4-38DF-4940-8FCA-A01AF2548C8D}"
EndProject
Project("{9A19103F-16F7-4668-BE54-9A1E7A4F7556}") = "Blazor.Components.DemoApp", "..\demo\Blazor.Components.DemoApp\Blazor.Components.DemoApp.csproj", "{3B11E74E-2F69-48ED-84E3-5392FB15B5AD}"
EndProject
Project("{2150E333-8FDC-42A3-9474-1A3956D46DE8}") = "Components", "Components", "{B6905E0B-759A-4928-B38A-9210B5CC8988}"
EndProject
Project("{9A19103F-16F7-4668-BE54-9A1E7A4F7556}") = "Blazor.Components.Dialog", "Blazor.Components.Dialog\Blazor.Components.Dialog.csproj", "{A32BDCE3-4C67-4B6D-979F-4C8CBAC35465}"
EndProject
Project("{2150E333-8FDC-42A3-9474-1A3956D46DE8}") = "Tests", "Tests", "{020CAF9C-D289-470A-BB97-E58D73DDCE70}"
EndProject
Project("{9A19103F-16F7-4668-BE54-9A1E7A4F7556}") = "Blazor.Components.Loading.Tests", "Blazor.Components.Loading.Tests\Blazor.Components.Loading.Tests.csproj", "{E56E3F1E-251F-4ECC-A588-BA7830D0BED8}"
EndProject
Project("{FAE04EC0-301F-11D3-BF4B-00C04F79EFBC}") = "Blazor.Components.Core", "Blazor.Components.Core\Blazor.Components.Core.csproj", "{FEF1C51E-BD38-4883-8B32-80719D025138}"
EndProject
Project("{FAE04EC0-301F-11D3-BF4B-00C04F79EFBC}") = "Blazor.Components.Core.Tests", "Blazor.Components.Core.Tests\Blazor.Components.Core.Tests.csproj", "{2A41D509-83BF-4F00-8107-E3A5080A3B02}"
EndProject
Global
	GlobalSection(SolutionConfigurationPlatforms) = preSolution
		Debug|Any CPU = Debug|Any CPU
		Release|Any CPU = Release|Any CPU
	EndGlobalSection
	GlobalSection(ProjectConfigurationPlatforms) = postSolution
		{934AB071-80A7-4039-B1AB-AD0FC8F7F6B5}.Debug|Any CPU.ActiveCfg = Debug|Any CPU
		{934AB071-80A7-4039-B1AB-AD0FC8F7F6B5}.Debug|Any CPU.Build.0 = Debug|Any CPU
		{934AB071-80A7-4039-B1AB-AD0FC8F7F6B5}.Release|Any CPU.ActiveCfg = Release|Any CPU
		{934AB071-80A7-4039-B1AB-AD0FC8F7F6B5}.Release|Any CPU.Build.0 = Release|Any CPU
		{174ABFCA-B132-442D-B2F5-59EA121A574A}.Debug|Any CPU.ActiveCfg = Debug|Any CPU
		{174ABFCA-B132-442D-B2F5-59EA121A574A}.Debug|Any CPU.Build.0 = Debug|Any CPU
		{174ABFCA-B132-442D-B2F5-59EA121A574A}.Release|Any CPU.ActiveCfg = Release|Any CPU
		{174ABFCA-B132-442D-B2F5-59EA121A574A}.Release|Any CPU.Build.0 = Release|Any CPU
		{9191C0E3-00D3-4620-8D7A-7D87B14BA5AD}.Debug|Any CPU.ActiveCfg = Debug|Any CPU
		{9191C0E3-00D3-4620-8D7A-7D87B14BA5AD}.Debug|Any CPU.Build.0 = Debug|Any CPU
		{9191C0E3-00D3-4620-8D7A-7D87B14BA5AD}.Release|Any CPU.ActiveCfg = Release|Any CPU
		{9191C0E3-00D3-4620-8D7A-7D87B14BA5AD}.Release|Any CPU.Build.0 = Release|Any CPU
		{ACACEFFD-DD64-49F4-A7AC-A26F17F55FA6}.Debug|Any CPU.ActiveCfg = Debug|Any CPU
		{ACACEFFD-DD64-49F4-A7AC-A26F17F55FA6}.Debug|Any CPU.Build.0 = Debug|Any CPU
		{ACACEFFD-DD64-49F4-A7AC-A26F17F55FA6}.Release|Any CPU.ActiveCfg = Release|Any CPU
		{ACACEFFD-DD64-49F4-A7AC-A26F17F55FA6}.Release|Any CPU.Build.0 = Release|Any CPU
		{54494EC2-258E-443F-BA77-66A0E30FD782}.Debug|Any CPU.ActiveCfg = Debug|Any CPU
		{54494EC2-258E-443F-BA77-66A0E30FD782}.Debug|Any CPU.Build.0 = Debug|Any CPU
		{54494EC2-258E-443F-BA77-66A0E30FD782}.Release|Any CPU.ActiveCfg = Release|Any CPU
		{54494EC2-258E-443F-BA77-66A0E30FD782}.Release|Any CPU.Build.0 = Release|Any CPU
		{77FBB136-2BB9-4D0F-90D9-7485566A8882}.Debug|Any CPU.ActiveCfg = Debug|Any CPU
		{77FBB136-2BB9-4D0F-90D9-7485566A8882}.Debug|Any CPU.Build.0 = Debug|Any CPU
		{77FBB136-2BB9-4D0F-90D9-7485566A8882}.Release|Any CPU.ActiveCfg = Release|Any CPU
		{77FBB136-2BB9-4D0F-90D9-7485566A8882}.Release|Any CPU.Build.0 = Release|Any CPU
		{AD60A5E4-D549-444A-9E5A-29346A3F3F1F}.Debug|Any CPU.ActiveCfg = Debug|Any CPU
		{AD60A5E4-D549-444A-9E5A-29346A3F3F1F}.Debug|Any CPU.Build.0 = Debug|Any CPU
		{AD60A5E4-D549-444A-9E5A-29346A3F3F1F}.Release|Any CPU.ActiveCfg = Release|Any CPU
		{AD60A5E4-D549-444A-9E5A-29346A3F3F1F}.Release|Any CPU.Build.0 = Release|Any CPU
		{272AB3A4-38DF-4940-8FCA-A01AF2548C8D}.Debug|Any CPU.ActiveCfg = Debug|Any CPU
		{272AB3A4-38DF-4940-8FCA-A01AF2548C8D}.Debug|Any CPU.Build.0 = Debug|Any CPU
		{272AB3A4-38DF-4940-8FCA-A01AF2548C8D}.Release|Any CPU.ActiveCfg = Release|Any CPU
		{272AB3A4-38DF-4940-8FCA-A01AF2548C8D}.Release|Any CPU.Build.0 = Release|Any CPU
		{3B11E74E-2F69-48ED-84E3-5392FB15B5AD}.Debug|Any CPU.ActiveCfg = Debug|Any CPU
		{3B11E74E-2F69-48ED-84E3-5392FB15B5AD}.Debug|Any CPU.Build.0 = Debug|Any CPU
		{3B11E74E-2F69-48ED-84E3-5392FB15B5AD}.Release|Any CPU.ActiveCfg = Release|Any CPU
		{3B11E74E-2F69-48ED-84E3-5392FB15B5AD}.Release|Any CPU.Build.0 = Release|Any CPU
		{A32BDCE3-4C67-4B6D-979F-4C8CBAC35465}.Debug|Any CPU.ActiveCfg = Debug|Any CPU
		{A32BDCE3-4C67-4B6D-979F-4C8CBAC35465}.Debug|Any CPU.Build.0 = Debug|Any CPU
		{A32BDCE3-4C67-4B6D-979F-4C8CBAC35465}.Release|Any CPU.ActiveCfg = Release|Any CPU
		{A32BDCE3-4C67-4B6D-979F-4C8CBAC35465}.Release|Any CPU.Build.0 = Release|Any CPU
		{E56E3F1E-251F-4ECC-A588-BA7830D0BED8}.Debug|Any CPU.ActiveCfg = Debug|Any CPU
		{E56E3F1E-251F-4ECC-A588-BA7830D0BED8}.Debug|Any CPU.Build.0 = Debug|Any CPU
		{E56E3F1E-251F-4ECC-A588-BA7830D0BED8}.Release|Any CPU.ActiveCfg = Release|Any CPU
		{E56E3F1E-251F-4ECC-A588-BA7830D0BED8}.Release|Any CPU.Build.0 = Release|Any CPU
		{FEF1C51E-BD38-4883-8B32-80719D025138}.Debug|Any CPU.ActiveCfg = Debug|Any CPU
		{FEF1C51E-BD38-4883-8B32-80719D025138}.Debug|Any CPU.Build.0 = Debug|Any CPU
		{FEF1C51E-BD38-4883-8B32-80719D025138}.Release|Any CPU.ActiveCfg = Release|Any CPU
		{FEF1C51E-BD38-4883-8B32-80719D025138}.Release|Any CPU.Build.0 = Release|Any CPU
		{2A41D509-83BF-4F00-8107-E3A5080A3B02}.Debug|Any CPU.ActiveCfg = Debug|Any CPU
		{2A41D509-83BF-4F00-8107-E3A5080A3B02}.Debug|Any CPU.Build.0 = Debug|Any CPU
		{2A41D509-83BF-4F00-8107-E3A5080A3B02}.Release|Any CPU.ActiveCfg = Release|Any CPU
		{2A41D509-83BF-4F00-8107-E3A5080A3B02}.Release|Any CPU.Build.0 = Release|Any CPU
	EndGlobalSection
	GlobalSection(SolutionProperties) = preSolution
		HideSolutionNode = FALSE
	EndGlobalSection
	GlobalSection(NestedProjects) = preSolution
		{934AB071-80A7-4039-B1AB-AD0FC8F7F6B5} = {56071E1E-24A8-471A-880A-BD143853614E}
		{174ABFCA-B132-442D-B2F5-59EA121A574A} = {B6905E0B-759A-4928-B38A-9210B5CC8988}
		{9191C0E3-00D3-4620-8D7A-7D87B14BA5AD} = {56071E1E-24A8-471A-880A-BD143853614E}
		{ACACEFFD-DD64-49F4-A7AC-A26F17F55FA6} = {121A4471-EF7A-4F9A-A856-67E8376A4AD2}
		{54494EC2-258E-443F-BA77-66A0E30FD782} = {121A4471-EF7A-4F9A-A856-67E8376A4AD2}
		{77FBB136-2BB9-4D0F-90D9-7485566A8882} = {B6905E0B-759A-4928-B38A-9210B5CC8988}
		{AD60A5E4-D549-444A-9E5A-29346A3F3F1F} = {B6905E0B-759A-4928-B38A-9210B5CC8988}
		{272AB3A4-38DF-4940-8FCA-A01AF2548C8D} = {56071E1E-24A8-471A-880A-BD143853614E}
		{3B11E74E-2F69-48ED-84E3-5392FB15B5AD} = {FF939C62-3B0D-4759-B5A6-A89EBE8A4C59}
		{A32BDCE3-4C67-4B6D-979F-4C8CBAC35465} = {B6905E0B-759A-4928-B38A-9210B5CC8988}
		{E56E3F1E-251F-4ECC-A588-BA7830D0BED8} = {020CAF9C-D289-470A-BB97-E58D73DDCE70}
		{2A41D509-83BF-4F00-8107-E3A5080A3B02} = {020CAF9C-D289-470A-BB97-E58D73DDCE70}
	EndGlobalSection
	GlobalSection(ExtensibilityGlobals) = postSolution
		SolutionGuid = {F3E8B7F7-3F7C-4D6C-8B7B-48F1AF4694B9}
	EndGlobalSection
EndGlobal
