
Microsoft Visual Studio Solution File, Format Version 12.00
# Visual Studio Version 16
VisualStudioVersion = 16.0.30428.66
MinimumVisualStudioVersion = 10.0.40219.1
Project("{9A19103F-16F7-4668-BE54-9A1E7A4F7556}") = "Majorsoft.Blazor.Components.TestApp", "Majorsoft.Blazor.Components.TestApp\Majorsoft.Blazor.Components.TestApp.csproj", "{934AB071-80A7-4039-B1AB-AD0FC8F7F6B5}"
EndProject
Project("{2150E333-8FDC-42A3-9474-1A3956D46DE8}") = "TestApps", "TestApps", "{56071E1E-24A8-471A-880A-BD143853614E}"
	ProjectSection(SolutionItems) = preProject
		_copy.bat = _copy.bat
	EndProjectSection
EndProject
Project("{9A19103F-16F7-4668-BE54-9A1E7A4F7556}") = "Majorsoft.Blazor.Components.TestServerApp", "Majorsoft.Blazor.Components.TestServerApp\Majorsoft.Blazor.Components.TestServerApp.csproj", "{9191C0E3-00D3-4620-8D7A-7D87B14BA5AD}"
EndProject
Project("{9A19103F-16F7-4668-BE54-9A1E7A4F7556}") = "Majorsoft.Blazor.WebAssembly.Logging.Console", "Majorsoft.Blazor.WebAssembly.Logging.Console\Majorsoft.Blazor.WebAssembly.Logging.Console.csproj", "{ACACEFFD-DD64-49F4-A7AC-A26F17F55FA6}"
EndProject
Project("{2150E333-8FDC-42A3-9474-1A3956D46DE8}") = "Extensions", "Extensions", "{121A4471-EF7A-4F9A-A856-67E8376A4AD2}"
EndProject
Project("{9A19103F-16F7-4668-BE54-9A1E7A4F7556}") = "Majorsoft.Blazor.Server.Logging.Console", "Majorsoft.Blazor.Server.Logging.Console\Majorsoft.Blazor.Server.Logging.Console.csproj", "{54494EC2-258E-443F-BA77-66A0E30FD782}"
EndProject
Project("{9A19103F-16F7-4668-BE54-9A1E7A4F7556}") = "Majorsoft.Blazor.Components.Loading", "Majorsoft.Blazor.Components.Loading\Majorsoft.Blazor.Components.Loading.csproj", "{77FBB136-2BB9-4D0F-90D9-7485566A8882}"
EndProject
Project("{9A19103F-16F7-4668-BE54-9A1E7A4F7556}") = "Majorsoft.Blazor.Components.Timer", "Majorsoft.Blazor.Components.Timer\Majorsoft.Blazor.Components.Timer.csproj", "{AD60A5E4-D549-444A-9E5A-29346A3F3F1F}"
EndProject
Project("{2150E333-8FDC-42A3-9474-1A3956D46DE8}") = "_Demo", "_Demo", "{FF939C62-3B0D-4759-B5A6-A89EBE8A4C59}"
EndProject
Project("{9A19103F-16F7-4668-BE54-9A1E7A4F7556}") = "Majorsoft.Blazor.Components.TestApps.Common", "Majorsoft.Blazor.Components.TestApps.Common\Majorsoft.Blazor.Components.TestApps.Common.csproj", "{272AB3A4-38DF-4940-8FCA-A01AF2548C8D}"
EndProject
Project("{2150E333-8FDC-42A3-9474-1A3956D46DE8}") = "Components", "Components", "{B6905E0B-759A-4928-B38A-9210B5CC8988}"
EndProject
Project("{2150E333-8FDC-42A3-9474-1A3956D46DE8}") = "Tests", "Tests", "{020CAF9C-D289-470A-BB97-E58D73DDCE70}"
EndProject
Project("{9A19103F-16F7-4668-BE54-9A1E7A4F7556}") = "Majorsoft.Blazor.Components.Loading.Tests", "Majorsoft.Blazor.Components.Loading.Tests\Majorsoft.Blazor.Components.Loading.Tests.csproj", "{E56E3F1E-251F-4ECC-A588-BA7830D0BED8}"
EndProject
Project("{9A19103F-16F7-4668-BE54-9A1E7A4F7556}") = "Majorsoft.Blazor.Components.Core", "Majorsoft.Blazor.Components.Core\Majorsoft.Blazor.Components.Core.csproj", "{FEF1C51E-BD38-4883-8B32-80719D025138}"
EndProject
Project("{9A19103F-16F7-4668-BE54-9A1E7A4F7556}") = "Majorsoft.Blazor.Components.Core.Tests", "Majorsoft.Blazor.Components.Core.Tests\Majorsoft.Blazor.Components.Core.Tests.csproj", "{2A41D509-83BF-4F00-8107-E3A5080A3B02}"
EndProject
Project("{9A19103F-16F7-4668-BE54-9A1E7A4F7556}") = "Majorsoft.Blazor.Components.CssEvents", "Majorsoft.Blazor.Components.CssEvents\Majorsoft.Blazor.Components.CssEvents.csproj", "{202E6A8C-B681-4141-85FE-3B014E13CCC1}"
EndProject
Project("{9A19103F-16F7-4668-BE54-9A1E7A4F7556}") = "Majorsoft.Blazor.Components.Modal", "Majorsoft.Blazor.Components.Modal\Majorsoft.Blazor.Components.Modal.csproj", "{92E02A35-6449-42C9-9FF8-17109875F474}"
EndProject
Project("{9A19103F-16F7-4668-BE54-9A1E7A4F7556}") = "Majorsoft.Blazor.Components.Typeahead", "Majorsoft.Blazor.Components.Typeahead\Majorsoft.Blazor.Components.Typeahead.csproj", "{BCC37A28-2B04-44C1-9377-27C59C77486C}"
EndProject
Project("{9A19103F-16F7-4668-BE54-9A1E7A4F7556}") = "Majorsoft.Blazor.Components.Debounce", "Majorsoft.Blazor.Components.Debounce\Majorsoft.Blazor.Components.Debounce.csproj", "{8C405A8C-2A8E-4990-A6DE-F1637D04CC32}"
EndProject
Project("{9A19103F-16F7-4668-BE54-9A1E7A4F7556}") = "Majorsoft.Blazor.Components.Common.JsInterop", "Majorsoft.Blazor.Components.Common.JsInterop\Majorsoft.Blazor.Components.Common.JsInterop.csproj", "{9CD59D7A-0211-401F-99A1-C646CCD2546E}"
EndProject
Project("{9A19103F-16F7-4668-BE54-9A1E7A4F7556}") = "Majorsoft.Blazor.Components.PermaLink", "Majorsoft.Blazor.Components.PermaLink\Majorsoft.Blazor.Components.PermaLink.csproj", "{3A6EF172-56A5-4F5F-8C01-AF773F95F803}"
EndProject
Project("{9A19103F-16F7-4668-BE54-9A1E7A4F7556}") = "Majorsoft.Blazor.Components.ColorPicker", "Majorsoft.Blazor.Components.ColorPicker\Majorsoft.Blazor.Components.ColorPicker.csproj", "{DE0580D1-5BC3-439D-88B3-900922B14FF3}"
EndProject
Project("{9A19103F-16F7-4668-BE54-9A1E7A4F7556}") = "Majorsoft.Blazor.Components.DragAndDrop", "Majorsoft.Blazor.Components.DragAndDrop\Majorsoft.Blazor.Components.DragAndDrop.csproj", "{8E843A76-AE16-4939-9E8D-A726AE59BEEE}"
EndProject
Project("{9A19103F-16F7-4668-BE54-9A1E7A4F7556}") = "Majorsoft.Blazor.Components.Debounce.Tests", "Majorsoft.Blazor.Components.Debounce.Tests\Majorsoft.Blazor.Components.Debounce.Tests.csproj", "{618B8511-86C1-425E-9313-E3BDD26FCA33}"
EndProject
Project("{9A19103F-16F7-4668-BE54-9A1E7A4F7556}") = "Majorsoft.Blazor.Components.Timer.Tests", "Majorsoft.Blazor.Components.Timer.Tests\Majorsoft.Blazor.Components.Timer.Tests.csproj", "{3B4B175F-10CA-4C68-92CF-E9CB26C92FE0}"
EndProject
Project("{9A19103F-16F7-4668-BE54-9A1E7A4F7556}") = "Majorsoft.Blazor.Components.PermaLink.Tests", "Majorsoft.Blazor.Components.PermaLink.Tests\Majorsoft.Blazor.Components.PermaLink.Tests.csproj", "{3237B7A9-BA2E-451F-B4BA-9DCC9AF6C1B8}"
EndProject
Project("{9A19103F-16F7-4668-BE54-9A1E7A4F7556}") = "Majorsoft.Blazor.Components.Modal.Tests", "Majorsoft.Blazor.Components.Modal.Tests\Majorsoft.Blazor.Components.Modal.Tests.csproj", "{706982AF-8813-441E-8077-FA81FA265EB6}"
EndProject
Project("{9A19103F-16F7-4668-BE54-9A1E7A4F7556}") = "Majorsoft.Blazor.Components.Typeahead.Tests", "Majorsoft.Blazor.Components.Typeahead.Tests\Majorsoft.Blazor.Components.Typeahead.Tests.csproj", "{09B7DBFD-4C76-4D85-AF70-CA406E00B0E2}"
EndProject
Project("{9A19103F-16F7-4668-BE54-9A1E7A4F7556}") = "Majorsoft.Blazor.Components.Toggle", "Majorsoft.Blazor.Components.Toggle\Majorsoft.Blazor.Components.Toggle.csproj", "{FD774BBB-EFFC-43BD-9CF6-949A4660C94B}"
EndProject
Project("{9A19103F-16F7-4668-BE54-9A1E7A4F7556}") = "Majorsoft.Blazor.Components.Toggle.Tests", "Majorsoft.Blazor.Components.Toggle.Tests\Majorsoft.Blazor.Components.Toggle.Tests.csproj", "{2C1015E5-5B0B-47B7-B5F7-7A3BCFFD4DA5}"
EndProject
Project("{9A19103F-16F7-4668-BE54-9A1E7A4F7556}") = "Majorsoft.Blazor.Components.Tabs", "Majorsoft.Blazor.Components.Tabs\Majorsoft.Blazor.Components.Tabs.csproj", "{CFBB3A37-D52D-4B7C-B6A9-05B2ABCCF9B1}"
EndProject
Project("{9A19103F-16F7-4668-BE54-9A1E7A4F7556}") = "Majorsoft.Blazor.Components.Collapse", "Majorsoft.Blazor.Components.Collapse\Majorsoft.Blazor.Components.Collapse.csproj", "{BD2761AB-D257-447D-9EDC-8EBC3C721B7D}"
EndProject
Project("{9A19103F-16F7-4668-BE54-9A1E7A4F7556}") = "Majorsoft.Blazor.Components.DemoApp", "..\demo\Majorsoft.Blazor.Components.DemoApp\Majorsoft.Blazor.Components.DemoApp.csproj", "{783907D5-3DE1-4D09-B22B-59AA40C17686}"
EndProject
Project("{9A19103F-16F7-4668-BE54-9A1E7A4F7556}") = "Majorsoft.Blazor.Components.Maps", "Majorsoft.Blazor.Components.Maps\Majorsoft.Blazor.Components.Maps.csproj", "{3AD2A154-A197-46BE-A213-51328C13B008}"
EndProject
Project("{9A19103F-16F7-4668-BE54-9A1E7A4F7556}") = "Majorsoft.Blazor.Components.Maps.Tests", "Majorsoft.Blazor.Components.Maps.Tests\Majorsoft.Blazor.Components.Maps.Tests.csproj", "{CE8AF2E1-6860-4F1B-BC96-F84042E55A2F}"
EndProject
Project("{2150E333-8FDC-42A3-9474-1A3956D46DE8}") = "_Pipelines", "_Pipelines", "{03B20272-6A8B-4F63-8507-D6BA2A274147}"
	ProjectSection(SolutionItems) = preProject
		..\azure-pipelines-commit.yml = ..\azure-pipelines-commit.yml
		..\azure-pipelines-Nuget.yml = ..\azure-pipelines-Nuget.yml
		..\azure-pipelines-sampleApp.yml = ..\azure-pipelines-sampleApp.yml
	EndProjectSection
EndProject
Project("{9A19103F-16F7-4668-BE54-9A1E7A4F7556}") = "Majorsoft.Blazor.Extensions.BrowserStorage", "Majorsoft.Blazor.Extensions.BrowserStorage\Majorsoft.Blazor.Extensions.BrowserStorage.csproj", "{B0BDDF05-5508-4D05-B766-6DB53C33D004}"
EndProject
Project("{9A19103F-16F7-4668-BE54-9A1E7A4F7556}") = "Majorsoft.Blazor.Extensions.Analytics", "Majorsoft.Blazor.Extensions.Analytics\Majorsoft.Blazor.Extensions.Analytics.csproj", "{261B879A-4E63-4D4B-9B59-E8C8F84531FF}"
EndProject
Project("{9A19103F-16F7-4668-BE54-9A1E7A4F7556}") = "Majorsoft.Blazor.Components.Inputs", "Majorsoft.Blazor.Components.Inputs\Majorsoft.Blazor.Components.Inputs.csproj", "{A1FF7E56-1ADE-4A53-A517-A9A0F3A70ECC}"
EndProject
Project("{9A19103F-16F7-4668-BE54-9A1E7A4F7556}") = "Majorsoft.Blazor.Components.Inputs.Tests", "Majorsoft.Blazor.Components.Inputs.Tests\Majorsoft.Blazor.Components.Inputs.Tests.csproj", "{5A9DBE07-4666-4DEF-841A-477F2A1A28B9}"
EndProject
Project("{9A19103F-16F7-4668-BE54-9A1E7A4F7556}") = "Majorsoft.Blazor.Components.GdprConsent", "Majorsoft.Blazor.Components.GdprConsent\Majorsoft.Blazor.Components.GdprConsent.csproj", "{E3B6CBB8-619B-4F09-93F2-BA97BFD3C0EC}"
EndProject
Project("{9A19103F-16F7-4668-BE54-9A1E7A4F7556}") = "Majorsoft.Blazor.Components.GdprConsent.Tests", "Majorsoft.Blazor.Components.GdprConsent.Tests\Majorsoft.Blazor.Components.GdprConsent.Tests.csproj", "{D7481B09-8B56-4FC7-BDE3-EEE54AB841AC}"
EndProject
Project("{9A19103F-16F7-4668-BE54-9A1E7A4F7556}") = "Majorsoft.Blazor.Components.Notifications", "Majorsoft.Blazor.Components.Notifications\Majorsoft.Blazor.Components.Notifications.csproj", "{DA17B593-E6E3-48A9-9FD3-1B441E8FD180}"
EndProject
Project("{9A19103F-16F7-4668-BE54-9A1E7A4F7556}") = "Majorsoft.Blazor.Components.Notifications.Tests", "Majorsoft.Blazor.Components.Notifications.Tests\Majorsoft.Blazor.Components.Notifications.Tests.csproj", "{91C7529C-A5A2-41A8-BAD1-D12F98C93D9E}"
EndProject
Project("{9A19103F-16F7-4668-BE54-9A1E7A4F7556}") = "Majorsoft.Blazor.Components.CommonTestsBase", "Majorsoft.Blazor.Components.CommonTestsBase\Majorsoft.Blazor.Components.CommonTestsBase.csproj", "{8FD0C677-5013-4EF9-B994-F38ACAEB9A26}"
EndProject
Project("{9A19103F-16F7-4668-BE54-9A1E7A4F7556}") = "Majorsoft.Blazor.Components.Tooltips", "Majorsoft.Blazor.Components.Tooltips\Majorsoft.Blazor.Components.Tooltips.csproj", "{558C5E28-5E34-4466-B609-11A8E4447A0B}"
EndProject
Project("{9A19103F-16F7-4668-BE54-9A1E7A4F7556}") = "Majorsoft.Blazor.Components.Tooltips.Tests", "Majorsoft.Blazor.Components.Tooltips.Tests\Majorsoft.Blazor.Components.Tooltips.Tests.csproj", "{23854579-D4A9-4332-8173-A1BF2BF75544}"
EndProject
Project("{9A19103F-16F7-4668-BE54-9A1E7A4F7556}") = "Majorsoft.Blazor.Components.Collapse.Tests", "Majorsoft.Blazor.Components.Collapse.Tests\Majorsoft.Blazor.Components.Collapse.Tests.csproj", "{A9828B4C-46C6-410C-BD56-6813E5632273}"
EndProject
Project("{9A19103F-16F7-4668-BE54-9A1E7A4F7556}") = "Majorsoft.Blazor.Components.Tabs.Tests", "Majorsoft.Blazor.Components.Tabs.Tests\Majorsoft.Blazor.Components.Tabs.Tests.csproj", "{754A241A-238E-48BA-A0F4-3A234F74CCA6}"
EndProject
Global
	GlobalSection(SolutionConfigurationPlatforms) = preSolution
		Debug|Any CPU = Debug|Any CPU
		Release|Any CPU = Release|Any CPU
	EndGlobalSection
	GlobalSection(ProjectConfigurationPlatforms) = postSolution
		{934AB071-80A7-4039-B1AB-AD0FC8F7F6B5}.Debug|Any CPU.ActiveCfg = Debug|Any CPU
		{934AB071-80A7-4039-B1AB-AD0FC8F7F6B5}.Debug|Any CPU.Build.0 = Debug|Any CPU
		{934AB071-80A7-4039-B1AB-AD0FC8F7F6B5}.Release|Any CPU.ActiveCfg = Release|Any CPU
		{934AB071-80A7-4039-B1AB-AD0FC8F7F6B5}.Release|Any CPU.Build.0 = Release|Any CPU
		{9191C0E3-00D3-4620-8D7A-7D87B14BA5AD}.Debug|Any CPU.ActiveCfg = Debug|Any CPU
		{9191C0E3-00D3-4620-8D7A-7D87B14BA5AD}.Debug|Any CPU.Build.0 = Debug|Any CPU
		{9191C0E3-00D3-4620-8D7A-7D87B14BA5AD}.Release|Any CPU.ActiveCfg = Release|Any CPU
		{9191C0E3-00D3-4620-8D7A-7D87B14BA5AD}.Release|Any CPU.Build.0 = Release|Any CPU
		{ACACEFFD-DD64-49F4-A7AC-A26F17F55FA6}.Debug|Any CPU.ActiveCfg = Debug|Any CPU
		{ACACEFFD-DD64-49F4-A7AC-A26F17F55FA6}.Debug|Any CPU.Build.0 = Debug|Any CPU
		{ACACEFFD-DD64-49F4-A7AC-A26F17F55FA6}.Release|Any CPU.ActiveCfg = Release|Any CPU
		{ACACEFFD-DD64-49F4-A7AC-A26F17F55FA6}.Release|Any CPU.Build.0 = Release|Any CPU
		{54494EC2-258E-443F-BA77-66A0E30FD782}.Debug|Any CPU.ActiveCfg = Debug|Any CPU
		{54494EC2-258E-443F-BA77-66A0E30FD782}.Debug|Any CPU.Build.0 = Debug|Any CPU
		{54494EC2-258E-443F-BA77-66A0E30FD782}.Release|Any CPU.ActiveCfg = Release|Any CPU
		{54494EC2-258E-443F-BA77-66A0E30FD782}.Release|Any CPU.Build.0 = Release|Any CPU
		{77FBB136-2BB9-4D0F-90D9-7485566A8882}.Debug|Any CPU.ActiveCfg = Debug|Any CPU
		{77FBB136-2BB9-4D0F-90D9-7485566A8882}.Debug|Any CPU.Build.0 = Debug|Any CPU
		{77FBB136-2BB9-4D0F-90D9-7485566A8882}.Release|Any CPU.ActiveCfg = Release|Any CPU
		{77FBB136-2BB9-4D0F-90D9-7485566A8882}.Release|Any CPU.Build.0 = Release|Any CPU
		{AD60A5E4-D549-444A-9E5A-29346A3F3F1F}.Debug|Any CPU.ActiveCfg = Debug|Any CPU
		{AD60A5E4-D549-444A-9E5A-29346A3F3F1F}.Debug|Any CPU.Build.0 = Debug|Any CPU
		{AD60A5E4-D549-444A-9E5A-29346A3F3F1F}.Release|Any CPU.ActiveCfg = Release|Any CPU
		{AD60A5E4-D549-444A-9E5A-29346A3F3F1F}.Release|Any CPU.Build.0 = Release|Any CPU
		{272AB3A4-38DF-4940-8FCA-A01AF2548C8D}.Debug|Any CPU.ActiveCfg = Debug|Any CPU
		{272AB3A4-38DF-4940-8FCA-A01AF2548C8D}.Debug|Any CPU.Build.0 = Debug|Any CPU
		{272AB3A4-38DF-4940-8FCA-A01AF2548C8D}.Release|Any CPU.ActiveCfg = Release|Any CPU
		{272AB3A4-38DF-4940-8FCA-A01AF2548C8D}.Release|Any CPU.Build.0 = Release|Any CPU
		{E56E3F1E-251F-4ECC-A588-BA7830D0BED8}.Debug|Any CPU.ActiveCfg = Debug|Any CPU
		{E56E3F1E-251F-4ECC-A588-BA7830D0BED8}.Debug|Any CPU.Build.0 = Debug|Any CPU
		{E56E3F1E-251F-4ECC-A588-BA7830D0BED8}.Release|Any CPU.ActiveCfg = Release|Any CPU
		{E56E3F1E-251F-4ECC-A588-BA7830D0BED8}.Release|Any CPU.Build.0 = Release|Any CPU
		{FEF1C51E-BD38-4883-8B32-80719D025138}.Debug|Any CPU.ActiveCfg = Debug|Any CPU
		{FEF1C51E-BD38-4883-8B32-80719D025138}.Debug|Any CPU.Build.0 = Debug|Any CPU
		{FEF1C51E-BD38-4883-8B32-80719D025138}.Release|Any CPU.ActiveCfg = Release|Any CPU
		{FEF1C51E-BD38-4883-8B32-80719D025138}.Release|Any CPU.Build.0 = Release|Any CPU
		{2A41D509-83BF-4F00-8107-E3A5080A3B02}.Debug|Any CPU.ActiveCfg = Debug|Any CPU
		{2A41D509-83BF-4F00-8107-E3A5080A3B02}.Debug|Any CPU.Build.0 = Debug|Any CPU
		{2A41D509-83BF-4F00-8107-E3A5080A3B02}.Release|Any CPU.ActiveCfg = Release|Any CPU
		{2A41D509-83BF-4F00-8107-E3A5080A3B02}.Release|Any CPU.Build.0 = Release|Any CPU
		{202E6A8C-B681-4141-85FE-3B014E13CCC1}.Debug|Any CPU.ActiveCfg = Debug|Any CPU
		{202E6A8C-B681-4141-85FE-3B014E13CCC1}.Debug|Any CPU.Build.0 = Debug|Any CPU
		{202E6A8C-B681-4141-85FE-3B014E13CCC1}.Release|Any CPU.ActiveCfg = Release|Any CPU
		{202E6A8C-B681-4141-85FE-3B014E13CCC1}.Release|Any CPU.Build.0 = Release|Any CPU
		{92E02A35-6449-42C9-9FF8-17109875F474}.Debug|Any CPU.ActiveCfg = Debug|Any CPU
		{92E02A35-6449-42C9-9FF8-17109875F474}.Debug|Any CPU.Build.0 = Debug|Any CPU
		{92E02A35-6449-42C9-9FF8-17109875F474}.Release|Any CPU.ActiveCfg = Release|Any CPU
		{92E02A35-6449-42C9-9FF8-17109875F474}.Release|Any CPU.Build.0 = Release|Any CPU
		{BCC37A28-2B04-44C1-9377-27C59C77486C}.Debug|Any CPU.ActiveCfg = Debug|Any CPU
		{BCC37A28-2B04-44C1-9377-27C59C77486C}.Debug|Any CPU.Build.0 = Debug|Any CPU
		{BCC37A28-2B04-44C1-9377-27C59C77486C}.Release|Any CPU.ActiveCfg = Release|Any CPU
		{BCC37A28-2B04-44C1-9377-27C59C77486C}.Release|Any CPU.Build.0 = Release|Any CPU
		{8C405A8C-2A8E-4990-A6DE-F1637D04CC32}.Debug|Any CPU.ActiveCfg = Debug|Any CPU
		{8C405A8C-2A8E-4990-A6DE-F1637D04CC32}.Debug|Any CPU.Build.0 = Debug|Any CPU
		{8C405A8C-2A8E-4990-A6DE-F1637D04CC32}.Release|Any CPU.ActiveCfg = Release|Any CPU
		{8C405A8C-2A8E-4990-A6DE-F1637D04CC32}.Release|Any CPU.Build.0 = Release|Any CPU
		{9CD59D7A-0211-401F-99A1-C646CCD2546E}.Debug|Any CPU.ActiveCfg = Debug|Any CPU
		{9CD59D7A-0211-401F-99A1-C646CCD2546E}.Debug|Any CPU.Build.0 = Debug|Any CPU
		{9CD59D7A-0211-401F-99A1-C646CCD2546E}.Release|Any CPU.ActiveCfg = Release|Any CPU
		{9CD59D7A-0211-401F-99A1-C646CCD2546E}.Release|Any CPU.Build.0 = Release|Any CPU
		{3A6EF172-56A5-4F5F-8C01-AF773F95F803}.Debug|Any CPU.ActiveCfg = Debug|Any CPU
		{3A6EF172-56A5-4F5F-8C01-AF773F95F803}.Debug|Any CPU.Build.0 = Debug|Any CPU
		{3A6EF172-56A5-4F5F-8C01-AF773F95F803}.Release|Any CPU.ActiveCfg = Release|Any CPU
		{3A6EF172-56A5-4F5F-8C01-AF773F95F803}.Release|Any CPU.Build.0 = Release|Any CPU
		{DE0580D1-5BC3-439D-88B3-900922B14FF3}.Debug|Any CPU.ActiveCfg = Debug|Any CPU
		{DE0580D1-5BC3-439D-88B3-900922B14FF3}.Debug|Any CPU.Build.0 = Debug|Any CPU
		{DE0580D1-5BC3-439D-88B3-900922B14FF3}.Release|Any CPU.ActiveCfg = Release|Any CPU
		{DE0580D1-5BC3-439D-88B3-900922B14FF3}.Release|Any CPU.Build.0 = Release|Any CPU
		{8E843A76-AE16-4939-9E8D-A726AE59BEEE}.Debug|Any CPU.ActiveCfg = Debug|Any CPU
		{8E843A76-AE16-4939-9E8D-A726AE59BEEE}.Debug|Any CPU.Build.0 = Debug|Any CPU
		{8E843A76-AE16-4939-9E8D-A726AE59BEEE}.Release|Any CPU.ActiveCfg = Release|Any CPU
		{8E843A76-AE16-4939-9E8D-A726AE59BEEE}.Release|Any CPU.Build.0 = Release|Any CPU
		{618B8511-86C1-425E-9313-E3BDD26FCA33}.Debug|Any CPU.ActiveCfg = Debug|Any CPU
		{618B8511-86C1-425E-9313-E3BDD26FCA33}.Debug|Any CPU.Build.0 = Debug|Any CPU
		{618B8511-86C1-425E-9313-E3BDD26FCA33}.Release|Any CPU.ActiveCfg = Release|Any CPU
		{618B8511-86C1-425E-9313-E3BDD26FCA33}.Release|Any CPU.Build.0 = Release|Any CPU
		{3B4B175F-10CA-4C68-92CF-E9CB26C92FE0}.Debug|Any CPU.ActiveCfg = Debug|Any CPU
		{3B4B175F-10CA-4C68-92CF-E9CB26C92FE0}.Debug|Any CPU.Build.0 = Debug|Any CPU
		{3B4B175F-10CA-4C68-92CF-E9CB26C92FE0}.Release|Any CPU.ActiveCfg = Release|Any CPU
		{3B4B175F-10CA-4C68-92CF-E9CB26C92FE0}.Release|Any CPU.Build.0 = Release|Any CPU
		{3237B7A9-BA2E-451F-B4BA-9DCC9AF6C1B8}.Debug|Any CPU.ActiveCfg = Debug|Any CPU
		{3237B7A9-BA2E-451F-B4BA-9DCC9AF6C1B8}.Debug|Any CPU.Build.0 = Debug|Any CPU
		{3237B7A9-BA2E-451F-B4BA-9DCC9AF6C1B8}.Release|Any CPU.ActiveCfg = Release|Any CPU
		{3237B7A9-BA2E-451F-B4BA-9DCC9AF6C1B8}.Release|Any CPU.Build.0 = Release|Any CPU
		{706982AF-8813-441E-8077-FA81FA265EB6}.Debug|Any CPU.ActiveCfg = Debug|Any CPU
		{706982AF-8813-441E-8077-FA81FA265EB6}.Debug|Any CPU.Build.0 = Debug|Any CPU
		{706982AF-8813-441E-8077-FA81FA265EB6}.Release|Any CPU.ActiveCfg = Release|Any CPU
		{706982AF-8813-441E-8077-FA81FA265EB6}.Release|Any CPU.Build.0 = Release|Any CPU
		{09B7DBFD-4C76-4D85-AF70-CA406E00B0E2}.Debug|Any CPU.ActiveCfg = Debug|Any CPU
		{09B7DBFD-4C76-4D85-AF70-CA406E00B0E2}.Debug|Any CPU.Build.0 = Debug|Any CPU
		{09B7DBFD-4C76-4D85-AF70-CA406E00B0E2}.Release|Any CPU.ActiveCfg = Release|Any CPU
		{09B7DBFD-4C76-4D85-AF70-CA406E00B0E2}.Release|Any CPU.Build.0 = Release|Any CPU
		{FD774BBB-EFFC-43BD-9CF6-949A4660C94B}.Debug|Any CPU.ActiveCfg = Debug|Any CPU
		{FD774BBB-EFFC-43BD-9CF6-949A4660C94B}.Debug|Any CPU.Build.0 = Debug|Any CPU
		{FD774BBB-EFFC-43BD-9CF6-949A4660C94B}.Release|Any CPU.ActiveCfg = Release|Any CPU
		{FD774BBB-EFFC-43BD-9CF6-949A4660C94B}.Release|Any CPU.Build.0 = Release|Any CPU
		{2C1015E5-5B0B-47B7-B5F7-7A3BCFFD4DA5}.Debug|Any CPU.ActiveCfg = Debug|Any CPU
		{2C1015E5-5B0B-47B7-B5F7-7A3BCFFD4DA5}.Debug|Any CPU.Build.0 = Debug|Any CPU
		{2C1015E5-5B0B-47B7-B5F7-7A3BCFFD4DA5}.Release|Any CPU.ActiveCfg = Release|Any CPU
		{2C1015E5-5B0B-47B7-B5F7-7A3BCFFD4DA5}.Release|Any CPU.Build.0 = Release|Any CPU
		{CFBB3A37-D52D-4B7C-B6A9-05B2ABCCF9B1}.Debug|Any CPU.ActiveCfg = Debug|Any CPU
		{CFBB3A37-D52D-4B7C-B6A9-05B2ABCCF9B1}.Debug|Any CPU.Build.0 = Debug|Any CPU
		{CFBB3A37-D52D-4B7C-B6A9-05B2ABCCF9B1}.Release|Any CPU.ActiveCfg = Release|Any CPU
		{CFBB3A37-D52D-4B7C-B6A9-05B2ABCCF9B1}.Release|Any CPU.Build.0 = Release|Any CPU
		{BD2761AB-D257-447D-9EDC-8EBC3C721B7D}.Debug|Any CPU.ActiveCfg = Debug|Any CPU
		{BD2761AB-D257-447D-9EDC-8EBC3C721B7D}.Debug|Any CPU.Build.0 = Debug|Any CPU
		{BD2761AB-D257-447D-9EDC-8EBC3C721B7D}.Release|Any CPU.ActiveCfg = Release|Any CPU
		{BD2761AB-D257-447D-9EDC-8EBC3C721B7D}.Release|Any CPU.Build.0 = Release|Any CPU
		{783907D5-3DE1-4D09-B22B-59AA40C17686}.Debug|Any CPU.ActiveCfg = Debug|Any CPU
		{783907D5-3DE1-4D09-B22B-59AA40C17686}.Debug|Any CPU.Build.0 = Debug|Any CPU
		{783907D5-3DE1-4D09-B22B-59AA40C17686}.Release|Any CPU.ActiveCfg = Release|Any CPU
		{783907D5-3DE1-4D09-B22B-59AA40C17686}.Release|Any CPU.Build.0 = Release|Any CPU
		{3AD2A154-A197-46BE-A213-51328C13B008}.Debug|Any CPU.ActiveCfg = Debug|Any CPU
		{3AD2A154-A197-46BE-A213-51328C13B008}.Debug|Any CPU.Build.0 = Debug|Any CPU
		{3AD2A154-A197-46BE-A213-51328C13B008}.Release|Any CPU.ActiveCfg = Release|Any CPU
		{3AD2A154-A197-46BE-A213-51328C13B008}.Release|Any CPU.Build.0 = Release|Any CPU
		{CE8AF2E1-6860-4F1B-BC96-F84042E55A2F}.Debug|Any CPU.ActiveCfg = Debug|Any CPU
		{CE8AF2E1-6860-4F1B-BC96-F84042E55A2F}.Debug|Any CPU.Build.0 = Debug|Any CPU
		{CE8AF2E1-6860-4F1B-BC96-F84042E55A2F}.Release|Any CPU.ActiveCfg = Release|Any CPU
		{CE8AF2E1-6860-4F1B-BC96-F84042E55A2F}.Release|Any CPU.Build.0 = Release|Any CPU
		{B0BDDF05-5508-4D05-B766-6DB53C33D004}.Debug|Any CPU.ActiveCfg = Debug|Any CPU
		{B0BDDF05-5508-4D05-B766-6DB53C33D004}.Debug|Any CPU.Build.0 = Debug|Any CPU
		{B0BDDF05-5508-4D05-B766-6DB53C33D004}.Release|Any CPU.ActiveCfg = Release|Any CPU
		{B0BDDF05-5508-4D05-B766-6DB53C33D004}.Release|Any CPU.Build.0 = Release|Any CPU
		{261B879A-4E63-4D4B-9B59-E8C8F84531FF}.Debug|Any CPU.ActiveCfg = Debug|Any CPU
		{261B879A-4E63-4D4B-9B59-E8C8F84531FF}.Debug|Any CPU.Build.0 = Debug|Any CPU
		{261B879A-4E63-4D4B-9B59-E8C8F84531FF}.Release|Any CPU.ActiveCfg = Release|Any CPU
		{261B879A-4E63-4D4B-9B59-E8C8F84531FF}.Release|Any CPU.Build.0 = Release|Any CPU
		{A1FF7E56-1ADE-4A53-A517-A9A0F3A70ECC}.Debug|Any CPU.ActiveCfg = Debug|Any CPU
		{A1FF7E56-1ADE-4A53-A517-A9A0F3A70ECC}.Debug|Any CPU.Build.0 = Debug|Any CPU
		{A1FF7E56-1ADE-4A53-A517-A9A0F3A70ECC}.Release|Any CPU.ActiveCfg = Release|Any CPU
		{A1FF7E56-1ADE-4A53-A517-A9A0F3A70ECC}.Release|Any CPU.Build.0 = Release|Any CPU
		{5A9DBE07-4666-4DEF-841A-477F2A1A28B9}.Debug|Any CPU.ActiveCfg = Debug|Any CPU
		{5A9DBE07-4666-4DEF-841A-477F2A1A28B9}.Debug|Any CPU.Build.0 = Debug|Any CPU
		{5A9DBE07-4666-4DEF-841A-477F2A1A28B9}.Release|Any CPU.ActiveCfg = Release|Any CPU
		{5A9DBE07-4666-4DEF-841A-477F2A1A28B9}.Release|Any CPU.Build.0 = Release|Any CPU
		{E3B6CBB8-619B-4F09-93F2-BA97BFD3C0EC}.Debug|Any CPU.ActiveCfg = Debug|Any CPU
		{E3B6CBB8-619B-4F09-93F2-BA97BFD3C0EC}.Debug|Any CPU.Build.0 = Debug|Any CPU
		{E3B6CBB8-619B-4F09-93F2-BA97BFD3C0EC}.Release|Any CPU.ActiveCfg = Release|Any CPU
		{E3B6CBB8-619B-4F09-93F2-BA97BFD3C0EC}.Release|Any CPU.Build.0 = Release|Any CPU
		{D7481B09-8B56-4FC7-BDE3-EEE54AB841AC}.Debug|Any CPU.ActiveCfg = Debug|Any CPU
		{D7481B09-8B56-4FC7-BDE3-EEE54AB841AC}.Debug|Any CPU.Build.0 = Debug|Any CPU
		{D7481B09-8B56-4FC7-BDE3-EEE54AB841AC}.Release|Any CPU.ActiveCfg = Release|Any CPU
		{D7481B09-8B56-4FC7-BDE3-EEE54AB841AC}.Release|Any CPU.Build.0 = Release|Any CPU
		{DA17B593-E6E3-48A9-9FD3-1B441E8FD180}.Debug|Any CPU.ActiveCfg = Debug|Any CPU
		{DA17B593-E6E3-48A9-9FD3-1B441E8FD180}.Debug|Any CPU.Build.0 = Debug|Any CPU
		{DA17B593-E6E3-48A9-9FD3-1B441E8FD180}.Release|Any CPU.ActiveCfg = Release|Any CPU
		{DA17B593-E6E3-48A9-9FD3-1B441E8FD180}.Release|Any CPU.Build.0 = Release|Any CPU
		{91C7529C-A5A2-41A8-BAD1-D12F98C93D9E}.Debug|Any CPU.ActiveCfg = Debug|Any CPU
		{91C7529C-A5A2-41A8-BAD1-D12F98C93D9E}.Debug|Any CPU.Build.0 = Debug|Any CPU
		{91C7529C-A5A2-41A8-BAD1-D12F98C93D9E}.Release|Any CPU.ActiveCfg = Release|Any CPU
		{91C7529C-A5A2-41A8-BAD1-D12F98C93D9E}.Release|Any CPU.Build.0 = Release|Any CPU
		{8FD0C677-5013-4EF9-B994-F38ACAEB9A26}.Debug|Any CPU.ActiveCfg = Debug|Any CPU
		{8FD0C677-5013-4EF9-B994-F38ACAEB9A26}.Debug|Any CPU.Build.0 = Debug|Any CPU
		{8FD0C677-5013-4EF9-B994-F38ACAEB9A26}.Release|Any CPU.ActiveCfg = Release|Any CPU
		{8FD0C677-5013-4EF9-B994-F38ACAEB9A26}.Release|Any CPU.Build.0 = Release|Any CPU
		{558C5E28-5E34-4466-B609-11A8E4447A0B}.Debug|Any CPU.ActiveCfg = Debug|Any CPU
		{558C5E28-5E34-4466-B609-11A8E4447A0B}.Debug|Any CPU.Build.0 = Debug|Any CPU
		{558C5E28-5E34-4466-B609-11A8E4447A0B}.Release|Any CPU.ActiveCfg = Release|Any CPU
		{558C5E28-5E34-4466-B609-11A8E4447A0B}.Release|Any CPU.Build.0 = Release|Any CPU
		{23854579-D4A9-4332-8173-A1BF2BF75544}.Debug|Any CPU.ActiveCfg = Debug|Any CPU
		{23854579-D4A9-4332-8173-A1BF2BF75544}.Debug|Any CPU.Build.0 = Debug|Any CPU
		{23854579-D4A9-4332-8173-A1BF2BF75544}.Release|Any CPU.ActiveCfg = Release|Any CPU
		{23854579-D4A9-4332-8173-A1BF2BF75544}.Release|Any CPU.Build.0 = Release|Any CPU
		{A9828B4C-46C6-410C-BD56-6813E5632273}.Debug|Any CPU.ActiveCfg = Debug|Any CPU
		{A9828B4C-46C6-410C-BD56-6813E5632273}.Debug|Any CPU.Build.0 = Debug|Any CPU
		{A9828B4C-46C6-410C-BD56-6813E5632273}.Release|Any CPU.ActiveCfg = Release|Any CPU
		{A9828B4C-46C6-410C-BD56-6813E5632273}.Release|Any CPU.Build.0 = Release|Any CPU
		{754A241A-238E-48BA-A0F4-3A234F74CCA6}.Debug|Any CPU.ActiveCfg = Debug|Any CPU
		{754A241A-238E-48BA-A0F4-3A234F74CCA6}.Debug|Any CPU.Build.0 = Debug|Any CPU
		{754A241A-238E-48BA-A0F4-3A234F74CCA6}.Release|Any CPU.ActiveCfg = Release|Any CPU
		{754A241A-238E-48BA-A0F4-3A234F74CCA6}.Release|Any CPU.Build.0 = Release|Any CPU
	EndGlobalSection
	GlobalSection(SolutionProperties) = preSolution
		HideSolutionNode = FALSE
	EndGlobalSection
	GlobalSection(NestedProjects) = preSolution
		{934AB071-80A7-4039-B1AB-AD0FC8F7F6B5} = {56071E1E-24A8-471A-880A-BD143853614E}
		{9191C0E3-00D3-4620-8D7A-7D87B14BA5AD} = {56071E1E-24A8-471A-880A-BD143853614E}
		{ACACEFFD-DD64-49F4-A7AC-A26F17F55FA6} = {121A4471-EF7A-4F9A-A856-67E8376A4AD2}
		{54494EC2-258E-443F-BA77-66A0E30FD782} = {121A4471-EF7A-4F9A-A856-67E8376A4AD2}
		{77FBB136-2BB9-4D0F-90D9-7485566A8882} = {B6905E0B-759A-4928-B38A-9210B5CC8988}
		{AD60A5E4-D549-444A-9E5A-29346A3F3F1F} = {B6905E0B-759A-4928-B38A-9210B5CC8988}
		{272AB3A4-38DF-4940-8FCA-A01AF2548C8D} = {56071E1E-24A8-471A-880A-BD143853614E}
		{E56E3F1E-251F-4ECC-A588-BA7830D0BED8} = {020CAF9C-D289-470A-BB97-E58D73DDCE70}
		{2A41D509-83BF-4F00-8107-E3A5080A3B02} = {020CAF9C-D289-470A-BB97-E58D73DDCE70}
		{202E6A8C-B681-4141-85FE-3B014E13CCC1} = {B6905E0B-759A-4928-B38A-9210B5CC8988}
		{92E02A35-6449-42C9-9FF8-17109875F474} = {B6905E0B-759A-4928-B38A-9210B5CC8988}
		{BCC37A28-2B04-44C1-9377-27C59C77486C} = {B6905E0B-759A-4928-B38A-9210B5CC8988}
		{8C405A8C-2A8E-4990-A6DE-F1637D04CC32} = {B6905E0B-759A-4928-B38A-9210B5CC8988}
		{9CD59D7A-0211-401F-99A1-C646CCD2546E} = {B6905E0B-759A-4928-B38A-9210B5CC8988}
		{3A6EF172-56A5-4F5F-8C01-AF773F95F803} = {B6905E0B-759A-4928-B38A-9210B5CC8988}
		{DE0580D1-5BC3-439D-88B3-900922B14FF3} = {B6905E0B-759A-4928-B38A-9210B5CC8988}
		{8E843A76-AE16-4939-9E8D-A726AE59BEEE} = {B6905E0B-759A-4928-B38A-9210B5CC8988}
		{618B8511-86C1-425E-9313-E3BDD26FCA33} = {020CAF9C-D289-470A-BB97-E58D73DDCE70}
		{3B4B175F-10CA-4C68-92CF-E9CB26C92FE0} = {020CAF9C-D289-470A-BB97-E58D73DDCE70}
		{3237B7A9-BA2E-451F-B4BA-9DCC9AF6C1B8} = {020CAF9C-D289-470A-BB97-E58D73DDCE70}
		{706982AF-8813-441E-8077-FA81FA265EB6} = {020CAF9C-D289-470A-BB97-E58D73DDCE70}
		{09B7DBFD-4C76-4D85-AF70-CA406E00B0E2} = {020CAF9C-D289-470A-BB97-E58D73DDCE70}
		{FD774BBB-EFFC-43BD-9CF6-949A4660C94B} = {B6905E0B-759A-4928-B38A-9210B5CC8988}
		{2C1015E5-5B0B-47B7-B5F7-7A3BCFFD4DA5} = {020CAF9C-D289-470A-BB97-E58D73DDCE70}
		{CFBB3A37-D52D-4B7C-B6A9-05B2ABCCF9B1} = {B6905E0B-759A-4928-B38A-9210B5CC8988}
		{BD2761AB-D257-447D-9EDC-8EBC3C721B7D} = {B6905E0B-759A-4928-B38A-9210B5CC8988}
		{783907D5-3DE1-4D09-B22B-59AA40C17686} = {FF939C62-3B0D-4759-B5A6-A89EBE8A4C59}
		{3AD2A154-A197-46BE-A213-51328C13B008} = {B6905E0B-759A-4928-B38A-9210B5CC8988}
		{CE8AF2E1-6860-4F1B-BC96-F84042E55A2F} = {020CAF9C-D289-470A-BB97-E58D73DDCE70}
		{B0BDDF05-5508-4D05-B766-6DB53C33D004} = {121A4471-EF7A-4F9A-A856-67E8376A4AD2}
		{261B879A-4E63-4D4B-9B59-E8C8F84531FF} = {121A4471-EF7A-4F9A-A856-67E8376A4AD2}
		{A1FF7E56-1ADE-4A53-A517-A9A0F3A70ECC} = {B6905E0B-759A-4928-B38A-9210B5CC8988}
		{5A9DBE07-4666-4DEF-841A-477F2A1A28B9} = {020CAF9C-D289-470A-BB97-E58D73DDCE70}
		{E3B6CBB8-619B-4F09-93F2-BA97BFD3C0EC} = {B6905E0B-759A-4928-B38A-9210B5CC8988}
		{D7481B09-8B56-4FC7-BDE3-EEE54AB841AC} = {020CAF9C-D289-470A-BB97-E58D73DDCE70}
		{DA17B593-E6E3-48A9-9FD3-1B441E8FD180} = {B6905E0B-759A-4928-B38A-9210B5CC8988}
		{91C7529C-A5A2-41A8-BAD1-D12F98C93D9E} = {020CAF9C-D289-470A-BB97-E58D73DDCE70}
		{8FD0C677-5013-4EF9-B994-F38ACAEB9A26} = {020CAF9C-D289-470A-BB97-E58D73DDCE70}
		{558C5E28-5E34-4466-B609-11A8E4447A0B} = {B6905E0B-759A-4928-B38A-9210B5CC8988}
		{23854579-D4A9-4332-8173-A1BF2BF75544} = {020CAF9C-D289-470A-BB97-E58D73DDCE70}
		{A9828B4C-46C6-410C-BD56-6813E5632273} = {020CAF9C-D289-470A-BB97-E58D73DDCE70}
		{754A241A-238E-48BA-A0F4-3A234F74CCA6} = {020CAF9C-D289-470A-BB97-E58D73DDCE70}
	EndGlobalSection
	GlobalSection(ExtensibilityGlobals) = postSolution
		SolutionGuid = {F3E8B7F7-3F7C-4D6C-8B7B-48F1AF4694B9}
	EndGlobalSection
EndGlobal
